<?xml version="1.0" encoding="utf-8"?>
<Project ToolsVersion="4.0" xmlns="http://schemas.microsoft.com/developer/msbuild/2003">
  <ItemGroup>
    <Filter Include="Source Files">
      <UniqueIdentifier>{4FC737F1-C7A5-4376-A066-2A32D752A2FF}</UniqueIdentifier>
      <Extensions>cpp;c;cc;cxx;def;odl;idl;hpj;bat;asm;asmx</Extensions>
    </Filter>
    <Filter Include="Source Files\tests">
      <UniqueIdentifier>{f8920756-fcce-4de2-a74f-d9f4431c9609}</UniqueIdentifier>
    </Filter>
    <Filter Include="Header Files">
      <UniqueIdentifier>{93995380-89BD-4b04-88EB-625FBE52EBFB}</UniqueIdentifier>
      <Extensions>h;hpp;hxx;hm;inl;inc;xsd</Extensions>
    </Filter>
    <Filter Include="Resource Files">
      <UniqueIdentifier>{67DA6AB6-F800-4c08-8B7A-83BB121AAD01}</UniqueIdentifier>
      <Extensions>rc;ico;cur;bmp;dlg;rc2;rct;bin;rgs;gif;jpg;jpeg;jpe;resx;tiff;tif;png;wav</Extensions>
    </Filter>
    <Filter Include="Source Files\tests\utils">
      <UniqueIdentifier>{005fbd4e-9123-41b8-82a0-87a4c47894d7}</UniqueIdentifier>
    </Filter>
    <Filter Include="Source Files\tests\unity">
      <UniqueIdentifier>{c757db84-f157-43d8-aa9d-2ec35f4374db}</UniqueIdentifier>
    </Filter>
    <Filter Include="Source Files\tests\utils\rkh">
      <UniqueIdentifier>{410ad671-f19f-4c63-9be9-ed5c78ee85da}</UniqueIdentifier>
    </Filter>
    <Filter Include="Source Files\tests\utils\bsp">
      <UniqueIdentifier>{3681d86c-803f-40c8-a82e-1a5f38862f27}</UniqueIdentifier>
    </Filter>
    <Filter Include="Source Files\tests\trazer">
      <UniqueIdentifier>{6e982654-dd7e-42dc-895d-ba463ff492c7}</UniqueIdentifier>
    </Filter>
    <Filter Include="Source Files\tests\cmock">
      <UniqueIdentifier>{aa4542d7-2a4a-40d9-abc6-2e0e24f027d5}</UniqueIdentifier>
    </Filter>
    <Filter Include="Source Files\tests\stubs">
      <UniqueIdentifier>{07d28798-fb6f-4145-9a55-abcbbadcbe94}</UniqueIdentifier>
    </Filter>
    <Filter Include="Source Files\tests\stubs\mocks">
      <UniqueIdentifier>{a8d1a3c8-0793-4d05-a478-05075f5093bc}</UniqueIdentifier>
    </Filter>
    <Filter Include="Source Files\tests\trzparse">
      <UniqueIdentifier>{6a1e96a5-bd32-4e63-9b50-cc4f46a8743f}</UniqueIdentifier>
    </Filter>
    <Filter Include="Source Files\tests\trzparse\test_runners">
      <UniqueIdentifier>{06d50d17-4409-4532-9038-f191fa7788cd}</UniqueIdentifier>
    </Filter>
  </ItemGroup>
  <ItemGroup>
    <ClCompile Include="..\..\..\..\test_runners\all_tests.c">
      <Filter>Source Files\tests\trzparse\test_runners</Filter>
    </ClCompile>
    <ClCompile Include="..\..\..\..\..\unity\unity.c">
      <Filter>Source Files\tests\unity</Filter>
    </ClCompile>
    <ClCompile Include="..\..\..\..\..\unity\fixture\unity_fixture.c">
      <Filter>Source Files\tests\unity</Filter>
    </ClCompile>
    <ClCompile Include="..\..\..\..\test_common.c">
      <Filter>Source Files\tests\trzparse</Filter>
    </ClCompile>
    <ClCompile Include="..\..\..\..\test_sm.c">
      <Filter>Source Files\tests\trzparse</Filter>
    </ClCompile>
    <ClCompile Include="..\..\..\..\test_runners\test_sm_runner.c">
      <Filter>Source Files\tests\trzparse\test_runners</Filter>
    </ClCompile>
    <ClCompile Include="..\..\..\..\test_sma.c">
      <Filter>Source Files\tests\trzparse</Filter>
    </ClCompile>
    <ClCompile Include="..\..\..\..\test_runners\test_sma_runner.c">
      <Filter>Source Files\tests\trzparse\test_runners</Filter>
    </ClCompile>
    <ClCompile Include="..\..\..\..\..\..\..\rkh\source\rkh.c">
      <Filter>Source Files\tests\utils\rkh</Filter>
    </ClCompile>
    <ClCompile Include="..\..\..\..\..\..\..\rkh\source\rkhdyn.c">
      <Filter>Source Files\tests\utils\rkh</Filter>
    </ClCompile>
    <ClCompile Include="..\..\..\..\..\..\..\rkh\source\rkhmp.c">
      <Filter>Source Files\tests\utils\rkh</Filter>
    </ClCompile>
    <ClCompile Include="..\..\..\..\..\..\..\rkh\source\rkhrq.c">
      <Filter>Source Files\tests\utils\rkh</Filter>
    </ClCompile>
    <ClCompile Include="..\..\..\..\..\..\..\rkh\source\rkhs.c">
      <Filter>Source Files\tests\utils\rkh</Filter>
    </ClCompile>
    <ClCompile Include="..\..\..\..\..\..\..\rkh\source\rkhsma.c">
      <Filter>Source Files\tests\utils\rkh</Filter>
    </ClCompile>
    <ClCompile Include="..\..\..\..\..\..\..\rkh\source\rkhtbl.c">
      <Filter>Source Files\tests\utils\rkh</Filter>
    </ClCompile>
    <ClCompile Include="..\..\..\..\..\..\..\rkh\source\rkhtim.c">
      <Filter>Source Files\tests\utils\rkh</Filter>
    </ClCompile>
    <ClCompile Include="..\..\..\..\..\..\..\rkh\source\rkhtrc.c">
      <Filter>Source Files\tests\utils\rkh</Filter>
    </ClCompile>
    <ClCompile Include="..\..\..\..\..\..\..\rkh\source\portable\test\rkhport.c">
      <Filter>Source Files\tests\utils\rkh</Filter>
    </ClCompile>
    <ClCompile Include="..\..\..\..\..\utils\bsp\platform\80x86\vc\rkhassert_stub.c">
      <Filter>Source Files\tests\utils\bsp</Filter>
    </ClCompile>
    <ClCompile Include="..\..\..\..\..\utils\bsp\platform\80x86\vc\bsp.c">
      <Filter>Source Files\tests\utils\bsp</Filter>
    </ClCompile>
    <ClCompile Include="..\..\..\..\..\..\..\source\tzparse.cpp">
      <Filter>Source Files\tests\trazer</Filter>
    </ClCompile>
    <ClCompile Include="..\..\..\..\..\..\..\source\unittrz.cpp">
      <Filter>Source Files\tests\trazer</Filter>
    </ClCompile>
    <ClCompile Include="..\..\..\..\..\..\..\source\evtbl.cpp">
      <Filter>Source Files\tests\trazer</Filter>
    </ClCompile>
    <ClCompile Include="..\..\..\..\..\..\..\source\evexptbl.cpp">
      <Filter>Source Files\tests\trazer</Filter>
    </ClCompile>
    <ClCompile Include="..\..\..\..\..\..\..\source\symbtbl.cpp">
      <Filter>Source Files\tests\trazer</Filter>
    </ClCompile>
    <ClCompile Include="..\..\..\..\..\..\..\source\sigtbl.cpp">
      <Filter>Source Files\tests\trazer</Filter>
    </ClCompile>
    <ClCompile Include="..\..\..\..\..\..\..\source\config.cpp">
      <Filter>Source Files\tests\trazer</Filter>
    </ClCompile>
    <ClCompile Include="..\..\..\..\..\..\..\arch\win_vc08\utils.cpp">
      <Filter>Source Files\tests\trazer</Filter>
    </ClCompile>
    <ClCompile Include="..\..\..\..\..\..\..\source\cfgdep.cpp">
      <Filter>Source Files\tests\trazer</Filter>
    </ClCompile>
    <ClCompile Include="..\..\..\..\..\..\..\source\uevtbl.cpp">
      <Filter>Source Files\tests\trazer</Filter>
    </ClCompile>
    <ClCompile Include="..\..\..\..\..\..\..\source\messages.cpp">
      <Filter>Source Files\tests\trazer</Filter>
    </ClCompile>
    <ClCompile Include="..\..\..\..\..\..\..\..\CMock-master\src\cmock.c">
      <Filter>Source Files\tests\cmock</Filter>
    </ClCompile>
    <ClCompile Include="..\..\..\..\stubs\mocks\Mockseqdiag.c">
      <Filter>Source Files\tests\stubs\mocks</Filter>
    </ClCompile>
    <ClCompile Include="..\..\..\..\stubs\mocks\Mockerror.c">
      <Filter>Source Files\tests\stubs\mocks</Filter>
    </ClCompile>
    <ClCompile Include="..\..\..\..\stubs\Testtzlog.c">
      <Filter>Source Files\tests\stubs</Filter>
    </ClCompile>
  </ItemGroup>
  <ItemGroup>
    <ClInclude Include="..\..\..\..\..\unity\unity.h">
      <Filter>Source Files\tests\unity</Filter>
    </ClInclude>
    <ClInclude Include="..\..\..\..\..\unity\unity_config.h">
      <Filter>Source Files\tests\unity</Filter>
    </ClInclude>
    <ClInclude Include="..\..\..\..\..\unity\unity_internals.h">
      <Filter>Source Files\tests\unity</Filter>
    </ClInclude>
    <ClInclude Include="..\..\..\..\..\unity\fixture\unity_fixture.h">
      <Filter>Source Files\tests\unity</Filter>
    </ClInclude>
    <ClInclude Include="..\..\..\..\..\unity\fixture\unity_fixture_internals.h">
      <Filter>Source Files\tests\unity</Filter>
    </ClInclude>
    <ClInclude Include="..\..\..\..\..\unity\fixture\unity_fixture_malloc_overrides.h">
      <Filter>Source Files\tests\unity</Filter>
    </ClInclude>
  </ItemGroup>
</Project>