<?xml version="1.0" encoding="utf-8"?>
<Project ToolsVersion="4.0" xmlns="http://schemas.microsoft.com/developer/msbuild/2003">
  <ItemGroup>
    <Filter Include="Header Files">
      <UniqueIdentifier>{93995380-89BD-4b04-88EB-625FBE52EBFB}</UniqueIdentifier>
      <Extensions>h;hpp;hxx;hm;inl;inc;xsd</Extensions>
    </Filter>
    <Filter Include="Resource Files">
      <UniqueIdentifier>{67DA6AB6-F800-4c08-8B7A-83BB121AAD01}</UniqueIdentifier>
      <Extensions>rc;ico;cur;bmp;dlg;rc2;rct;bin;rgs;gif;jpg;jpeg;jpe;resx;tiff;tif;png;wav;mfcribbon-ms</Extensions>
    </Filter>
    <Filter Include="Resource Files\common">
      <UniqueIdentifier>{7fa3ece1-163d-4f37-8670-ba91c94acf71}</UniqueIdentifier>
    </Filter>
    <Filter Include="Resource Files\parser">
      <UniqueIdentifier>{e07850ad-d23c-4c74-b7ef-f37de5910e2b}</UniqueIdentifier>
    </Filter>
    <Filter Include="Resource Files\stream">
      <UniqueIdentifier>{54cac175-b485-4f06-b704-eb04ea3bd88c}</UniqueIdentifier>
    </Filter>
    <Filter Include="Resource Files\stream\file">
      <UniqueIdentifier>{c7d9a55d-f231-4415-975c-26b91635e073}</UniqueIdentifier>
    </Filter>
    <Filter Include="Resource Files\stream\uart">
      <UniqueIdentifier>{998fd99d-8c58-4ab2-a357-85cda16667ae}</UniqueIdentifier>
    </Filter>
    <Filter Include="Resource Files\options">
      <UniqueIdentifier>{128dca45-1c13-4aa6-a577-164f310adb71}</UniqueIdentifier>
    </Filter>
    <Filter Include="Resource Files\debug">
      <UniqueIdentifier>{8e43c250-e4c7-47bc-b085-86ead69dc120}</UniqueIdentifier>
    </Filter>
    <Filter Include="Resource Files\utils">
      <UniqueIdentifier>{2a72b088-896d-4bce-a89c-c9c39dd75943}</UniqueIdentifier>
    </Filter>
    <Filter Include="Resource Files\errors">
      <UniqueIdentifier>{cb7d9c97-e38b-4e0d-a1d3-6d40a8ff8493}</UniqueIdentifier>
    </Filter>
    <Filter Include="Resource Files\config">
      <UniqueIdentifier>{319cdc62-a136-4bc6-b6af-6e02e45bdd26}</UniqueIdentifier>
    </Filter>
    <Filter Include="Resource Files\stream\tcp">
      <UniqueIdentifier>{93a0d4ce-c4ab-4169-8aef-98de49dc6d9e}</UniqueIdentifier>
    </Filter>
  </ItemGroup>
  <ItemGroup>
    <None Include="ReadMe.txt" />
  </ItemGroup>
  <ItemGroup>
    <ClInclude Include="sources\common\lang.h">
      <Filter>Resource Files\common</Filter>
    </ClInclude>
    <ClInclude Include="sources\common\mydefs.h">
      <Filter>Resource Files\common</Filter>
    </ClInclude>
    <ClInclude Include="sources\common\mytypes.h">
      <Filter>Resource Files\common</Filter>
    </ClInclude>
    <ClInclude Include="sources\common\rerror.h">
      <Filter>Resource Files\common</Filter>
    </ClInclude>
    <ClInclude Include="sources\common\timer.h">
      <Filter>Resource Files\common</Filter>
    </ClInclude>
    <ClInclude Include="sources\stream\uart\serdefs.h">
      <Filter>Resource Files\stream\uart</Filter>
    </ClInclude>
    <ClInclude Include="sources\stream\uart\serial.h">
      <Filter>Resource Files\stream\uart</Filter>
    </ClInclude>
    <ClInclude Include="sources\common\rkhcfg.h">
      <Filter>Resource Files\common</Filter>
    </ClInclude>
    <ClInclude Include="sources\common\rkhtrc.h">
      <Filter>Resource Files\common</Filter>
    </ClInclude>
    <ClInclude Include="sources\common\rkhtype.h">
      <Filter>Resource Files\common</Filter>
    </ClInclude>
    <ClInclude Include="sources\common\myevt.h">
      <Filter>Resource Files\common</Filter>
    </ClInclude>
    <ClInclude Include="sources\stdafx.h">
      <Filter>Resource Files</Filter>
    </ClInclude>
    <ClInclude Include="sources\targetver.h">
      <Filter>Resource Files</Filter>
    </ClInclude>
    <ClInclude Include="sources\parser\tzparse.h">
      <Filter>Resource Files\parser</Filter>
    </ClInclude>
    <ClInclude Include="sources\options\options.h">
      <Filter>Resource Files\options</Filter>
    </ClInclude>
    <ClInclude Include="sources\debug\debug.h">
      <Filter>Resource Files\debug</Filter>
    </ClInclude>
    <ClInclude Include="sources\utils\console.h">
      <Filter>Resource Files\utils</Filter>
    </ClInclude>
    <ClInclude Include="sources\utils\getopt.h">
      <Filter>Resource Files\utils</Filter>
    </ClInclude>
    <ClInclude Include="sources\utils\printrgb.h">
      <Filter>Resource Files\utils</Filter>
    </ClInclude>
    <ClInclude Include="sources\utils\utils.h">
      <Filter>Resource Files\utils</Filter>
    </ClInclude>
    <ClInclude Include="sources\errors\error.h">
      <Filter>Resource Files\errors</Filter>
    </ClInclude>
    <ClInclude Include="sources\errors\messages.h">
      <Filter>Resource Files\errors</Filter>
    </ClInclude>
    <ClInclude Include="sources\parser\evtbl.h">
      <Filter>Resource Files\parser</Filter>
    </ClInclude>
    <ClInclude Include="sources\parser\symbtbl.h">
      <Filter>Resource Files\parser</Filter>
    </ClInclude>
    <ClInclude Include="sources\common\rkht.h">
      <Filter>Resource Files\common</Filter>
    </ClInclude>
    <ClInclude Include="sources\parser\sigtbl.h">
      <Filter>Resource Files\parser</Filter>
    </ClInclude>
    <ClInclude Include="sources\config\config.h">
      <Filter>Resource Files\config</Filter>
    </ClInclude>
    <ClInclude Include="sources\config\cfgdep.h">
      <Filter>Resource Files\config</Filter>
    </ClInclude>
    <ClInclude Include="sources\parser\tzlog.h">
      <Filter>Resource Files\parser</Filter>
    </ClInclude>
    <ClInclude Include="sources\stream\tcp\tcp.h">
      <Filter>Resource Files\stream\tcp</Filter>
    </ClInclude>
  </ItemGroup>
  <ItemGroup>
    <Library Include="libs\lowlevel.lib" />
  </ItemGroup>
  <ItemGroup>
    <ClCompile Include="sources\common\rerror.c">
      <Filter>Resource Files\common</Filter>
    </ClCompile>
    <ClCompile Include="sources\common\lang.cpp">
      <Filter>Resource Files\common</Filter>
    </ClCompile>
    <ClCompile Include="sources\stream\uart\sertbl.c">
      <Filter>Resource Files\stream\uart</Filter>
    </ClCompile>
    <ClCompile Include="sources\stdafx.cpp">
      <Filter>Resource Files</Filter>
    </ClCompile>
    <ClCompile Include="sources\trazer.cpp">
      <Filter>Resource Files</Filter>
    </ClCompile>
    <ClCompile Include="sources\options\options.cpp">
      <Filter>Resource Files\options</Filter>
    </ClCompile>
    <ClCompile Include="sources\debug\debug.cpp">
      <Filter>Resource Files\debug</Filter>
    </ClCompile>
    <ClCompile Include="sources\utils\console.cpp">
      <Filter>Resource Files\utils</Filter>
    </ClCompile>
    <ClCompile Include="sources\utils\getopt.cpp">
      <Filter>Resource Files\utils</Filter>
    </ClCompile>
    <ClCompile Include="sources\utils\printrgb.cpp">
      <Filter>Resource Files\utils</Filter>
    </ClCompile>
    <ClCompile Include="sources\utils\utils.cpp">
      <Filter>Resource Files\utils</Filter>
    </ClCompile>
    <ClCompile Include="sources\errors\error.cpp">
      <Filter>Resource Files\errors</Filter>
    </ClCompile>
    <ClCompile Include="sources\errors\messages.cpp">
      <Filter>Resource Files\errors</Filter>
    </ClCompile>
    <ClCompile Include="sources\parser\evtbl.cpp">
      <Filter>Resource Files\parser</Filter>
    </ClCompile>
    <ClCompile Include="sources\parser\tzparse.cpp">
      <Filter>Resource Files\parser</Filter>
    </ClCompile>
    <ClCompile Include="sources\parser\symbtbl.cpp">
      <Filter>Resource Files\parser</Filter>
    </ClCompile>
    <ClCompile Include="sources\parser\sigtbl.cpp">
      <Filter>Resource Files\parser</Filter>
    </ClCompile>
    <ClCompile Include="sources\config\config.cpp">
      <Filter>Resource Files\config</Filter>
    </ClCompile>
    <ClCompile Include="sources\config\cfgdep.cpp">
      <Filter>Resource Files\config</Filter>
    </ClCompile>
    <ClCompile Include="sources\stream\uart\myser.cpp">
      <Filter>Resource Files\stream\uart</Filter>
    </ClCompile>
    <ClCompile Include="sources\parser\tzlog.cpp">
      <Filter>Resource Files\parser</Filter>
    </ClCompile>
    <ClCompile Include="sources\stream\tcp\tcp.c">
      <Filter>Resource Files\stream\tcp</Filter>
    </ClCompile>
  </ItemGroup>
</Project>