
Microsoft Visual Studio Solution File, Format Version 11.00
# Visual C++ Express 2010
Project("{8BC9CEB8-8B4A-11D0-8D11-00A0C91BC942}") = "trazer", "trazer\trazer.vcxproj", "{C0A7454B-DE0C-4747-9329-4023F3C28F64}"
EndProject
Global
	GlobalSection(SolutionConfigurationPlatforms) = preSolution
		Debug|Win32 = Debug|Win32
		Release|Win32 = Release|Win32
	EndGlobalSection
	GlobalSection(ProjectConfigurationPlatforms) = postSolution
		{C0A7454B-DE0C-4747-9329-4023F3C28F64}.Debug|Win32.ActiveCfg = Debug|Win32
		{C0A7454B-DE0C-4747-9329-4023F3C28F64}.Debug|Win32.Build.0 = Debug|Win32
		{C0A7454B-DE0C-4747-9329-4023F3C28F64}.Release|Win32.ActiveCfg = Release|Win32
		{C0A7454B-DE0C-4747-9329-4023F3C28F64}.Release|Win32.Build.0 = Release|Win32
	EndGlobalSection
	GlobalSection(SolutionProperties) = preSolution
		HideSolutionNode = FALSE
	EndGlobalSection
EndGlobal
